
Microsoft Visual Studio Solution File, Format Version 12.00
# Visual Studio 15
VisualStudioVersion = 15.0.28307.902
MinimumVisualStudioVersion = 10.0.40219.1
Project("{FAE04EC0-301F-11D3-BF4B-00C04F79EFBC}") = "MySite", "MySite\MySite.csproj", "{A2A2D4A8-732C-47E2-95C9-4F7E5AA39993}"
EndProject
Global
	GlobalSection(SolutionConfigurationPlatforms) = preSolution
		Debug|Any CPU = Debug|Any CPU
		Release|Any CPU = Release|Any CPU
	EndGlobalSection
	GlobalSection(ProjectConfigurationPlatforms) = postSolution
		{A2A2D4A8-732C-47E2-95C9-4F7E5AA39993}.Debug|Any CPU.ActiveCfg = Debug|Any CPU
		{A2A2D4A8-732C-47E2-95C9-4F7E5AA39993}.Debug|Any CPU.Build.0 = Debug|Any CPU
		{A2A2D4A8-732C-47E2-95C9-4F7E5AA39993}.Release|Any CPU.ActiveCfg = Release|Any CPU
		{A2A2D4A8-732C-47E2-95C9-4F7E5AA39993}.Release|Any CPU.Build.0 = Release|Any CPU
	EndGlobalSection
	GlobalSection(SolutionProperties) = preSolution
		HideSolutionNode = FALSE
	EndGlobalSection
	GlobalSection(ExtensibilityGlobals) = postSolution
		SolutionGuid = {04D533A0-F1FE-4C05-953D-F472C9BD5943}
	EndGlobalSection
EndGlobal
