
Microsoft Visual Studio Solution File, Format Version 12.00
# Visual Studio 15
VisualStudioVersion = 15.0.28307.902
MinimumVisualStudioVersion = 10.0.40219.1
Project("{FAE04EC0-301F-11D3-BF4B-00C04F79EFBC}") = "WebApplication7", "WebApplication7\WebApplication7.csproj", "{38F5844B-A83B-493B-9789-C62F8EFA2877}"
EndProject
Project("{E53339B2-1760-4266-BCC7-CA923CBCF16C}") = "docker-compose", "docker-compose.dcproj", "{6404D92D-620C-4F30-B807-68F860753DF3}"
EndProject
Global
	GlobalSection(SolutionConfigurationPlatforms) = preSolution
		Debug|Any CPU = Debug|Any CPU
		Release|Any CPU = Release|Any CPU
	EndGlobalSection
	GlobalSection(ProjectConfigurationPlatforms) = postSolution
		{38F5844B-A83B-493B-9789-C62F8EFA2877}.Debug|Any CPU.ActiveCfg = Debug|Any CPU
		{38F5844B-A83B-493B-9789-C62F8EFA2877}.Debug|Any CPU.Build.0 = Debug|Any CPU
		{38F5844B-A83B-493B-9789-C62F8EFA2877}.Release|Any CPU.ActiveCfg = Release|Any CPU
		{38F5844B-A83B-493B-9789-C62F8EFA2877}.Release|Any CPU.Build.0 = Release|Any CPU
		{6404D92D-620C-4F30-B807-68F860753DF3}.Debug|Any CPU.ActiveCfg = Debug|Any CPU
		{6404D92D-620C-4F30-B807-68F860753DF3}.Debug|Any CPU.Build.0 = Debug|Any CPU
		{6404D92D-620C-4F30-B807-68F860753DF3}.Release|Any CPU.ActiveCfg = Release|Any CPU
		{6404D92D-620C-4F30-B807-68F860753DF3}.Release|Any CPU.Build.0 = Release|Any CPU
	EndGlobalSection
	GlobalSection(SolutionProperties) = preSolution
		HideSolutionNode = FALSE
	EndGlobalSection
	GlobalSection(ExtensibilityGlobals) = postSolution
		SolutionGuid = {DFEB25B6-8225-433E-8DE4-F380BF490623}
	EndGlobalSection
EndGlobal
