
Microsoft Visual Studio Solution File, Format Version 12.00
# Visual Studio 15
VisualStudioVersion = 15.0.28307.902
MinimumVisualStudioVersion = 10.0.40219.1
Project("{FAE04EC0-301F-11D3-BF4B-00C04F79EFBC}") = "WebApplication3", "WebApplication3\WebApplication3.csproj", "{59C110F1-FA16-4406-8043-149792258FA5}"
EndProject
Global
	GlobalSection(SolutionConfigurationPlatforms) = preSolution
		Debug|Any CPU = Debug|Any CPU
		Release|Any CPU = Release|Any CPU
	EndGlobalSection
	GlobalSection(ProjectConfigurationPlatforms) = postSolution
		{59C110F1-FA16-4406-8043-149792258FA5}.Debug|Any CPU.ActiveCfg = Debug|Any CPU
		{59C110F1-FA16-4406-8043-149792258FA5}.Debug|Any CPU.Build.0 = Debug|Any CPU
		{59C110F1-FA16-4406-8043-149792258FA5}.Release|Any CPU.ActiveCfg = Release|Any CPU
		{59C110F1-FA16-4406-8043-149792258FA5}.Release|Any CPU.Build.0 = Release|Any CPU
	EndGlobalSection
	GlobalSection(SolutionProperties) = preSolution
		HideSolutionNode = FALSE
	EndGlobalSection
	GlobalSection(ExtensibilityGlobals) = postSolution
		SolutionGuid = {CCA9A452-9AE8-47A8-9654-21C26DF3ABDD}
	EndGlobalSection
EndGlobal
