
Microsoft Visual Studio Solution File, Format Version 12.00
# Visual Studio 15
VisualStudioVersion = 15.0.28307.902
MinimumVisualStudioVersion = 10.0.40219.1
Project("{FAE04EC0-301F-11D3-BF4B-00C04F79EFBC}") = "ConsoleApp5", "ConsoleApp5.csproj", "{1B08A4B0-2F94-4110-BD50-DB511565D44C}"
EndProject
Global
	GlobalSection(SolutionConfigurationPlatforms) = preSolution
		Debug|Any CPU = Debug|Any CPU
		Release|Any CPU = Release|Any CPU
	EndGlobalSection
	GlobalSection(ProjectConfigurationPlatforms) = postSolution
		{1B08A4B0-2F94-4110-BD50-DB511565D44C}.Debug|Any CPU.ActiveCfg = Debug|Any CPU
		{1B08A4B0-2F94-4110-BD50-DB511565D44C}.Debug|Any CPU.Build.0 = Debug|Any CPU
		{1B08A4B0-2F94-4110-BD50-DB511565D44C}.Release|Any CPU.ActiveCfg = Release|Any CPU
		{1B08A4B0-2F94-4110-BD50-DB511565D44C}.Release|Any CPU.Build.0 = Release|Any CPU
	EndGlobalSection
	GlobalSection(SolutionProperties) = preSolution
		HideSolutionNode = FALSE
	EndGlobalSection
	GlobalSection(ExtensibilityGlobals) = postSolution
		SolutionGuid = {4BC65E91-6F34-4F84-A7A6-BF459DD098A0}
	EndGlobalSection
EndGlobal
